{
  "name": "summa",
  "lockfileVersion": 3,
  "requires": true,
  "packages": {
    "": {
      "dependencies": {
        "@echelon-foundry/typescript-wasm-kernel": "0.6.1"
      }
    },
    "node_modules/@echelon-foundry/typescript-wasm-kernel": {
      "version": "0.6.1",
      "resolved": "https://registry.npmjs.org/@echelon-foundry/typescript-wasm-kernel/-/typescript-wasm-kernel-0.6.1.tgz",
      "integrity": "sha512-Tn1SHUjHbMiuzWirV6YC8hq453826NM9mEcBgzIU6TGkbBWS3fE4fDs3UwuFpbQ6L9WWeSsggI/pfHPRz9NYLg==",
      "license": "MIT",
      "bin": {
        "limen": "bin/limen.js",
        "typescript-wasm-kernel": "bin/limen.js"
      },
      "engines": {
        "node": ">=22"
      }
    }
  }
}
