{
  "name": "summa",
  "lockfileVersion": 3,
  "requires": true,
  "packages": {
    "": {
      "dependencies": {
        "@echelon-foundry/limen": "0.7.0"
      }
    },
    "node_modules/@echelon-foundry/limen": {
      "version": "0.7.0",
      "resolved": "https://registry.npmjs.org/@echelon-foundry/limen/-/limen-0.7.0.tgz",
      "integrity": "sha512-d/gP29b8D2VIye//3IawLE5+oSzbinEvlFE9r+rx0RitRLPpbfyCG0lLicKwa1+f+cpoWaDVEm9ravB4CQ6Q6g==",
      "license": "MIT",
      "bin": {
        "limen": "bin/limen.js",
        "typescript-wasm-kernel": "bin/limen.js"
      },
      "engines": {
        "node": ">=22"
      }
    }
  }
}
