{
  "name": "echelon-summa",
  "version": "0.1.0",
  "lockfileVersion": 3,
  "requires": true,
  "packages": {
    "": {
      "name": "echelon-summa",
      "version": "0.1.0",
      "dependencies": {
        "@echelon-foundry/design-system": "https://github.com/kemiller2002/echelon-design-system/releases/download/v0.1.0/echelon-foundry-design-system-0.1.0.tgz",
        "@echelon-foundry/typescript-wasm-kernel": "0.6.2"
      },
      "engines": {
        "node": ">=24"
      }
    },
    "node_modules/@echelon-foundry/design-system": {
      "version": "0.1.0",
      "resolved": "https://github.com/kemiller2002/echelon-design-system/releases/download/v0.1.0/echelon-foundry-design-system-0.1.0.tgz",
      "integrity": "sha512-gROWs57/QSvwJpjuNjmTCT1XK2oLNOcYWkVIkYO/sQMAAgZNNHSuCeCBixdrszP6uA2pgpTa+05owjAhH0u19A=="
    },
    "node_modules/@echelon-foundry/typescript-wasm-kernel": {
      "version": "0.6.2",
      "resolved": "https://registry.npmjs.org/@echelon-foundry/typescript-wasm-kernel/-/typescript-wasm-kernel-0.6.2.tgz",
      "integrity": "sha512-WBlI4PCjvfVivYoeNbqZiCQ1oTJbF1Ao3jM5dTUFfq6eiBd63zSE5Rh5fiEto72e3NFPkHShHmsFwBfw+ktLGw==",
      "license": "MIT",
      "bin": {
        "limen": "bin/limen.js",
        "typescript-wasm-kernel": "bin/limen.js"
      },
      "engines": {
        "node": ">=22"
      }
    }
  }
}
