
Microsoft Visual Studio Solution File, Format Version 12.00
# Visual Studio Version 17
VisualStudioVersion = 17.0.31903.59
MinimumVisualStudioVersion = 10.0.40219.1
Project("{2150E333-8FDC-42A3-9474-1A3956D46DE8}") = "src", "src", "{827E0CD3-B72D-47B6-A68D-7590B98EB39B}"
EndProject
Project("{F2A71F9B-5D33-465A-A702-920D77279786}") = "Summa.Web.Engine", "src\Summa.Web.Engine\Summa.Web.Engine.fsproj", "{AD2884DD-A065-4462-88D3-C5476B766DD8}"
EndProject
Project("{F2A71F9B-5D33-465A-A702-920D77279786}") = "Summa.Web.Application", "src\Summa.Web.Application\Summa.Web.Application.fsproj", "{4259BCE6-AF53-43D7-96A1-AA9EFDD81E64}"
EndProject
Project("{FAE04EC0-301F-11D3-BF4B-00C04F79EFBC}") = "Summa.Wasm", "src\Summa.Wasm\Summa.Wasm.csproj", "{68DF33CB-14B3-4C3F-ABD8-6ECC0AA8A3D9}"
EndProject
Project("{2150E333-8FDC-42A3-9474-1A3956D46DE8}") = "tests", "tests", "{0AB3BF05-4346-4AA6-1389-037BE0695223}"
EndProject
Project("{F2A71F9B-5D33-465A-A702-920D77279786}") = "Summa.Web.Tests", "tests\Summa.Web.Tests\Summa.Web.Tests.fsproj", "{24CB9339-C1F2-48C8-B392-03C5BD574F34}"
EndProject
Project("{F2A71F9B-5D33-465A-A702-920D77279786}") = "Summa.Tests", "tests\Summa.Tests\Summa.Tests.fsproj", "{34726BB2-7E8E-46F9-A43D-E54B90CB88A0}"
EndProject
Project("{F2A71F9B-5D33-465A-A702-920D77279786}") = "Summa.Ledger", "src\Summa.Ledger\Summa.Ledger.fsproj", "{42735386-68E7-4C64-941B-0D084CE9A4E7}"
EndProject
Project("{F2A71F9B-5D33-465A-A702-920D77279786}") = "Summa.Contracts", "src\Summa.Contracts\Summa.Contracts.fsproj", "{41503606-6FE5-4E92-B407-6F237F4B568E}"
EndProject
Project("{F2A71F9B-5D33-465A-A702-920D77279786}") = "Summa.Contracts.Tests", "tests\Summa.Contracts.Tests\Summa.Contracts.Tests.fsproj", "{B87EC44B-3999-4FE3-AEB1-758C78820BB9}"
EndProject
Project("{F2A71F9B-5D33-465A-A702-920D77279786}") = "Summa.Storage", "src\Summa.Storage\Summa.Storage.fsproj", "{CC917D38-22C6-4542-A34F-DB922F0F0179}"
EndProject
Project("{F2A71F9B-5D33-465A-A702-920D77279786}") = "Summa.Storage.Tests", "tests\Summa.Storage.Tests\Summa.Storage.Tests.fsproj", "{202945FE-4AD8-4F4D-93DB-BDD7D98E3EE6}"
EndProject
Project("{F2A71F9B-5D33-465A-A702-920D77279786}") = "Summa.Access", "src\Summa.Access\Summa.Access.fsproj", "{92B45C79-8199-4FA4-8A65-5E39752A5C4D}"
EndProject
Project("{F2A71F9B-5D33-465A-A702-920D77279786}") = "Summa.Operations", "src\Summa.Operations\Summa.Operations.fsproj", "{9CCD2164-2FFD-4AFD-9799-57627F1715E1}"
EndProject
Global
	GlobalSection(SolutionConfigurationPlatforms) = preSolution
		Debug|Any CPU = Debug|Any CPU
		Debug|x64 = Debug|x64
		Debug|x86 = Debug|x86
		Release|Any CPU = Release|Any CPU
		Release|x64 = Release|x64
		Release|x86 = Release|x86
	EndGlobalSection
	GlobalSection(ProjectConfigurationPlatforms) = postSolution
		{AD2884DD-A065-4462-88D3-C5476B766DD8}.Debug|Any CPU.ActiveCfg = Debug|Any CPU
		{AD2884DD-A065-4462-88D3-C5476B766DD8}.Debug|Any CPU.Build.0 = Debug|Any CPU
		{AD2884DD-A065-4462-88D3-C5476B766DD8}.Debug|x64.ActiveCfg = Debug|Any CPU
		{AD2884DD-A065-4462-88D3-C5476B766DD8}.Debug|x64.Build.0 = Debug|Any CPU
		{AD2884DD-A065-4462-88D3-C5476B766DD8}.Debug|x86.ActiveCfg = Debug|Any CPU
		{AD2884DD-A065-4462-88D3-C5476B766DD8}.Debug|x86.Build.0 = Debug|Any CPU
		{AD2884DD-A065-4462-88D3-C5476B766DD8}.Release|Any CPU.ActiveCfg = Release|Any CPU
		{AD2884DD-A065-4462-88D3-C5476B766DD8}.Release|Any CPU.Build.0 = Release|Any CPU
		{AD2884DD-A065-4462-88D3-C5476B766DD8}.Release|x64.ActiveCfg = Release|Any CPU
		{AD2884DD-A065-4462-88D3-C5476B766DD8}.Release|x64.Build.0 = Release|Any CPU
		{AD2884DD-A065-4462-88D3-C5476B766DD8}.Release|x86.ActiveCfg = Release|Any CPU
		{AD2884DD-A065-4462-88D3-C5476B766DD8}.Release|x86.Build.0 = Release|Any CPU
		{4259BCE6-AF53-43D7-96A1-AA9EFDD81E64}.Debug|Any CPU.ActiveCfg = Debug|Any CPU
		{4259BCE6-AF53-43D7-96A1-AA9EFDD81E64}.Debug|Any CPU.Build.0 = Debug|Any CPU
		{4259BCE6-AF53-43D7-96A1-AA9EFDD81E64}.Debug|x64.ActiveCfg = Debug|Any CPU
		{4259BCE6-AF53-43D7-96A1-AA9EFDD81E64}.Debug|x64.Build.0 = Debug|Any CPU
		{4259BCE6-AF53-43D7-96A1-AA9EFDD81E64}.Debug|x86.ActiveCfg = Debug|Any CPU
		{4259BCE6-AF53-43D7-96A1-AA9EFDD81E64}.Debug|x86.Build.0 = Debug|Any CPU
		{4259BCE6-AF53-43D7-96A1-AA9EFDD81E64}.Release|Any CPU.ActiveCfg = Release|Any CPU
		{4259BCE6-AF53-43D7-96A1-AA9EFDD81E64}.Release|Any CPU.Build.0 = Release|Any CPU
		{4259BCE6-AF53-43D7-96A1-AA9EFDD81E64}.Release|x64.ActiveCfg = Release|Any CPU
		{4259BCE6-AF53-43D7-96A1-AA9EFDD81E64}.Release|x64.Build.0 = Release|Any CPU
		{4259BCE6-AF53-43D7-96A1-AA9EFDD81E64}.Release|x86.ActiveCfg = Release|Any CPU
		{4259BCE6-AF53-43D7-96A1-AA9EFDD81E64}.Release|x86.Build.0 = Release|Any CPU
		{68DF33CB-14B3-4C3F-ABD8-6ECC0AA8A3D9}.Debug|Any CPU.ActiveCfg = Debug|Any CPU
		{68DF33CB-14B3-4C3F-ABD8-6ECC0AA8A3D9}.Debug|Any CPU.Build.0 = Debug|Any CPU
		{68DF33CB-14B3-4C3F-ABD8-6ECC0AA8A3D9}.Debug|x64.ActiveCfg = Debug|Any CPU
		{68DF33CB-14B3-4C3F-ABD8-6ECC0AA8A3D9}.Debug|x64.Build.0 = Debug|Any CPU
		{68DF33CB-14B3-4C3F-ABD8-6ECC0AA8A3D9}.Debug|x86.ActiveCfg = Debug|Any CPU
		{68DF33CB-14B3-4C3F-ABD8-6ECC0AA8A3D9}.Debug|x86.Build.0 = Debug|Any CPU
		{68DF33CB-14B3-4C3F-ABD8-6ECC0AA8A3D9}.Release|Any CPU.ActiveCfg = Release|Any CPU
		{68DF33CB-14B3-4C3F-ABD8-6ECC0AA8A3D9}.Release|Any CPU.Build.0 = Release|Any CPU
		{68DF33CB-14B3-4C3F-ABD8-6ECC0AA8A3D9}.Release|x64.ActiveCfg = Release|Any CPU
		{68DF33CB-14B3-4C3F-ABD8-6ECC0AA8A3D9}.Release|x64.Build.0 = Release|Any CPU
		{68DF33CB-14B3-4C3F-ABD8-6ECC0AA8A3D9}.Release|x86.ActiveCfg = Release|Any CPU
		{68DF33CB-14B3-4C3F-ABD8-6ECC0AA8A3D9}.Release|x86.Build.0 = Release|Any CPU
		{24CB9339-C1F2-48C8-B392-03C5BD574F34}.Debug|Any CPU.ActiveCfg = Debug|Any CPU
		{24CB9339-C1F2-48C8-B392-03C5BD574F34}.Debug|Any CPU.Build.0 = Debug|Any CPU
		{24CB9339-C1F2-48C8-B392-03C5BD574F34}.Debug|x64.ActiveCfg = Debug|Any CPU
		{24CB9339-C1F2-48C8-B392-03C5BD574F34}.Debug|x64.Build.0 = Debug|Any CPU
		{24CB9339-C1F2-48C8-B392-03C5BD574F34}.Debug|x86.ActiveCfg = Debug|Any CPU
		{24CB9339-C1F2-48C8-B392-03C5BD574F34}.Debug|x86.Build.0 = Debug|Any CPU
		{24CB9339-C1F2-48C8-B392-03C5BD574F34}.Release|Any CPU.ActiveCfg = Release|Any CPU
		{24CB9339-C1F2-48C8-B392-03C5BD574F34}.Release|Any CPU.Build.0 = Release|Any CPU
		{24CB9339-C1F2-48C8-B392-03C5BD574F34}.Release|x64.ActiveCfg = Release|Any CPU
		{24CB9339-C1F2-48C8-B392-03C5BD574F34}.Release|x64.Build.0 = Release|Any CPU
		{24CB9339-C1F2-48C8-B392-03C5BD574F34}.Release|x86.ActiveCfg = Release|Any CPU
		{24CB9339-C1F2-48C8-B392-03C5BD574F34}.Release|x86.Build.0 = Release|Any CPU
		{34726BB2-7E8E-46F9-A43D-E54B90CB88A0}.Debug|Any CPU.ActiveCfg = Debug|Any CPU
		{34726BB2-7E8E-46F9-A43D-E54B90CB88A0}.Debug|Any CPU.Build.0 = Debug|Any CPU
		{34726BB2-7E8E-46F9-A43D-E54B90CB88A0}.Debug|x64.ActiveCfg = Debug|Any CPU
		{34726BB2-7E8E-46F9-A43D-E54B90CB88A0}.Debug|x64.Build.0 = Debug|Any CPU
		{34726BB2-7E8E-46F9-A43D-E54B90CB88A0}.Debug|x86.ActiveCfg = Debug|Any CPU
		{34726BB2-7E8E-46F9-A43D-E54B90CB88A0}.Debug|x86.Build.0 = Debug|Any CPU
		{34726BB2-7E8E-46F9-A43D-E54B90CB88A0}.Release|Any CPU.ActiveCfg = Release|Any CPU
		{34726BB2-7E8E-46F9-A43D-E54B90CB88A0}.Release|Any CPU.Build.0 = Release|Any CPU
		{34726BB2-7E8E-46F9-A43D-E54B90CB88A0}.Release|x64.ActiveCfg = Release|Any CPU
		{34726BB2-7E8E-46F9-A43D-E54B90CB88A0}.Release|x64.Build.0 = Release|Any CPU
		{34726BB2-7E8E-46F9-A43D-E54B90CB88A0}.Release|x86.ActiveCfg = Release|Any CPU
		{34726BB2-7E8E-46F9-A43D-E54B90CB88A0}.Release|x86.Build.0 = Release|Any CPU
		{42735386-68E7-4C64-941B-0D084CE9A4E7}.Debug|Any CPU.ActiveCfg = Debug|Any CPU
		{42735386-68E7-4C64-941B-0D084CE9A4E7}.Debug|Any CPU.Build.0 = Debug|Any CPU
		{42735386-68E7-4C64-941B-0D084CE9A4E7}.Debug|x64.ActiveCfg = Debug|Any CPU
		{42735386-68E7-4C64-941B-0D084CE9A4E7}.Debug|x64.Build.0 = Debug|Any CPU
		{42735386-68E7-4C64-941B-0D084CE9A4E7}.Debug|x86.ActiveCfg = Debug|Any CPU
		{42735386-68E7-4C64-941B-0D084CE9A4E7}.Debug|x86.Build.0 = Debug|Any CPU
		{42735386-68E7-4C64-941B-0D084CE9A4E7}.Release|Any CPU.ActiveCfg = Release|Any CPU
		{42735386-68E7-4C64-941B-0D084CE9A4E7}.Release|Any CPU.Build.0 = Release|Any CPU
		{42735386-68E7-4C64-941B-0D084CE9A4E7}.Release|x64.ActiveCfg = Release|Any CPU
		{42735386-68E7-4C64-941B-0D084CE9A4E7}.Release|x64.Build.0 = Release|Any CPU
		{42735386-68E7-4C64-941B-0D084CE9A4E7}.Release|x86.ActiveCfg = Release|Any CPU
		{42735386-68E7-4C64-941B-0D084CE9A4E7}.Release|x86.Build.0 = Release|Any CPU
		{41503606-6FE5-4E92-B407-6F237F4B568E}.Debug|Any CPU.ActiveCfg = Debug|Any CPU
		{41503606-6FE5-4E92-B407-6F237F4B568E}.Debug|Any CPU.Build.0 = Debug|Any CPU
		{41503606-6FE5-4E92-B407-6F237F4B568E}.Debug|x64.ActiveCfg = Debug|Any CPU
		{41503606-6FE5-4E92-B407-6F237F4B568E}.Debug|x64.Build.0 = Debug|Any CPU
		{41503606-6FE5-4E92-B407-6F237F4B568E}.Debug|x86.ActiveCfg = Debug|Any CPU
		{41503606-6FE5-4E92-B407-6F237F4B568E}.Debug|x86.Build.0 = Debug|Any CPU
		{41503606-6FE5-4E92-B407-6F237F4B568E}.Release|Any CPU.ActiveCfg = Release|Any CPU
		{41503606-6FE5-4E92-B407-6F237F4B568E}.Release|Any CPU.Build.0 = Release|Any CPU
		{41503606-6FE5-4E92-B407-6F237F4B568E}.Release|x64.ActiveCfg = Release|Any CPU
		{41503606-6FE5-4E92-B407-6F237F4B568E}.Release|x64.Build.0 = Release|Any CPU
		{41503606-6FE5-4E92-B407-6F237F4B568E}.Release|x86.ActiveCfg = Release|Any CPU
		{41503606-6FE5-4E92-B407-6F237F4B568E}.Release|x86.Build.0 = Release|Any CPU
		{B87EC44B-3999-4FE3-AEB1-758C78820BB9}.Debug|Any CPU.ActiveCfg = Debug|Any CPU
		{B87EC44B-3999-4FE3-AEB1-758C78820BB9}.Debug|Any CPU.Build.0 = Debug|Any CPU
		{B87EC44B-3999-4FE3-AEB1-758C78820BB9}.Debug|x64.ActiveCfg = Debug|Any CPU
		{B87EC44B-3999-4FE3-AEB1-758C78820BB9}.Debug|x64.Build.0 = Debug|Any CPU
		{B87EC44B-3999-4FE3-AEB1-758C78820BB9}.Debug|x86.ActiveCfg = Debug|Any CPU
		{B87EC44B-3999-4FE3-AEB1-758C78820BB9}.Debug|x86.Build.0 = Debug|Any CPU
		{B87EC44B-3999-4FE3-AEB1-758C78820BB9}.Release|Any CPU.ActiveCfg = Release|Any CPU
		{B87EC44B-3999-4FE3-AEB1-758C78820BB9}.Release|Any CPU.Build.0 = Release|Any CPU
		{B87EC44B-3999-4FE3-AEB1-758C78820BB9}.Release|x64.ActiveCfg = Release|Any CPU
		{B87EC44B-3999-4FE3-AEB1-758C78820BB9}.Release|x64.Build.0 = Release|Any CPU
		{B87EC44B-3999-4FE3-AEB1-758C78820BB9}.Release|x86.ActiveCfg = Release|Any CPU
		{B87EC44B-3999-4FE3-AEB1-758C78820BB9}.Release|x86.Build.0 = Release|Any CPU
		{CC917D38-22C6-4542-A34F-DB922F0F0179}.Debug|Any CPU.ActiveCfg = Debug|Any CPU
		{CC917D38-22C6-4542-A34F-DB922F0F0179}.Debug|Any CPU.Build.0 = Debug|Any CPU
		{CC917D38-22C6-4542-A34F-DB922F0F0179}.Debug|x64.ActiveCfg = Debug|Any CPU
		{CC917D38-22C6-4542-A34F-DB922F0F0179}.Debug|x64.Build.0 = Debug|Any CPU
		{CC917D38-22C6-4542-A34F-DB922F0F0179}.Debug|x86.ActiveCfg = Debug|Any CPU
		{CC917D38-22C6-4542-A34F-DB922F0F0179}.Debug|x86.Build.0 = Debug|Any CPU
		{CC917D38-22C6-4542-A34F-DB922F0F0179}.Release|Any CPU.ActiveCfg = Release|Any CPU
		{CC917D38-22C6-4542-A34F-DB922F0F0179}.Release|Any CPU.Build.0 = Release|Any CPU
		{CC917D38-22C6-4542-A34F-DB922F0F0179}.Release|x64.ActiveCfg = Release|Any CPU
		{CC917D38-22C6-4542-A34F-DB922F0F0179}.Release|x64.Build.0 = Release|Any CPU
		{CC917D38-22C6-4542-A34F-DB922F0F0179}.Release|x86.ActiveCfg = Release|Any CPU
		{CC917D38-22C6-4542-A34F-DB922F0F0179}.Release|x86.Build.0 = Release|Any CPU
		{202945FE-4AD8-4F4D-93DB-BDD7D98E3EE6}.Debug|Any CPU.ActiveCfg = Debug|Any CPU
		{202945FE-4AD8-4F4D-93DB-BDD7D98E3EE6}.Debug|Any CPU.Build.0 = Debug|Any CPU
		{202945FE-4AD8-4F4D-93DB-BDD7D98E3EE6}.Debug|x64.ActiveCfg = Debug|Any CPU
		{202945FE-4AD8-4F4D-93DB-BDD7D98E3EE6}.Debug|x64.Build.0 = Debug|Any CPU
		{202945FE-4AD8-4F4D-93DB-BDD7D98E3EE6}.Debug|x86.ActiveCfg = Debug|Any CPU
		{202945FE-4AD8-4F4D-93DB-BDD7D98E3EE6}.Debug|x86.Build.0 = Debug|Any CPU
		{202945FE-4AD8-4F4D-93DB-BDD7D98E3EE6}.Release|Any CPU.ActiveCfg = Release|Any CPU
		{202945FE-4AD8-4F4D-93DB-BDD7D98E3EE6}.Release|Any CPU.Build.0 = Release|Any CPU
		{202945FE-4AD8-4F4D-93DB-BDD7D98E3EE6}.Release|x64.ActiveCfg = Release|Any CPU
		{202945FE-4AD8-4F4D-93DB-BDD7D98E3EE6}.Release|x64.Build.0 = Release|Any CPU
		{202945FE-4AD8-4F4D-93DB-BDD7D98E3EE6}.Release|x86.ActiveCfg = Release|Any CPU
		{202945FE-4AD8-4F4D-93DB-BDD7D98E3EE6}.Release|x86.Build.0 = Release|Any CPU
		{92B45C79-8199-4FA4-8A65-5E39752A5C4D}.Debug|Any CPU.ActiveCfg = Debug|Any CPU
		{92B45C79-8199-4FA4-8A65-5E39752A5C4D}.Debug|Any CPU.Build.0 = Debug|Any CPU
		{92B45C79-8199-4FA4-8A65-5E39752A5C4D}.Debug|x64.ActiveCfg = Debug|Any CPU
		{92B45C79-8199-4FA4-8A65-5E39752A5C4D}.Debug|x64.Build.0 = Debug|Any CPU
		{92B45C79-8199-4FA4-8A65-5E39752A5C4D}.Debug|x86.ActiveCfg = Debug|Any CPU
		{92B45C79-8199-4FA4-8A65-5E39752A5C4D}.Debug|x86.Build.0 = Debug|Any CPU
		{92B45C79-8199-4FA4-8A65-5E39752A5C4D}.Release|Any CPU.ActiveCfg = Release|Any CPU
		{92B45C79-8199-4FA4-8A65-5E39752A5C4D}.Release|Any CPU.Build.0 = Release|Any CPU
		{92B45C79-8199-4FA4-8A65-5E39752A5C4D}.Release|x64.ActiveCfg = Release|Any CPU
		{92B45C79-8199-4FA4-8A65-5E39752A5C4D}.Release|x64.Build.0 = Release|Any CPU
		{92B45C79-8199-4FA4-8A65-5E39752A5C4D}.Release|x86.ActiveCfg = Release|Any CPU
		{92B45C79-8199-4FA4-8A65-5E39752A5C4D}.Release|x86.Build.0 = Release|Any CPU
		{9CCD2164-2FFD-4AFD-9799-57627F1715E1}.Debug|Any CPU.ActiveCfg = Debug|Any CPU
		{9CCD2164-2FFD-4AFD-9799-57627F1715E1}.Debug|Any CPU.Build.0 = Debug|Any CPU
		{9CCD2164-2FFD-4AFD-9799-57627F1715E1}.Debug|x64.ActiveCfg = Debug|Any CPU
		{9CCD2164-2FFD-4AFD-9799-57627F1715E1}.Debug|x64.Build.0 = Debug|Any CPU
		{9CCD2164-2FFD-4AFD-9799-57627F1715E1}.Debug|x86.ActiveCfg = Debug|Any CPU
		{9CCD2164-2FFD-4AFD-9799-57627F1715E1}.Debug|x86.Build.0 = Debug|Any CPU
		{9CCD2164-2FFD-4AFD-9799-57627F1715E1}.Release|Any CPU.ActiveCfg = Release|Any CPU
		{9CCD2164-2FFD-4AFD-9799-57627F1715E1}.Release|Any CPU.Build.0 = Release|Any CPU
		{9CCD2164-2FFD-4AFD-9799-57627F1715E1}.Release|x64.ActiveCfg = Release|Any CPU
		{9CCD2164-2FFD-4AFD-9799-57627F1715E1}.Release|x64.Build.0 = Release|Any CPU
		{9CCD2164-2FFD-4AFD-9799-57627F1715E1}.Release|x86.ActiveCfg = Release|Any CPU
		{9CCD2164-2FFD-4AFD-9799-57627F1715E1}.Release|x86.Build.0 = Release|Any CPU
	EndGlobalSection
	GlobalSection(SolutionProperties) = preSolution
		HideSolutionNode = FALSE
	EndGlobalSection
	GlobalSection(NestedProjects) = preSolution
		{AD2884DD-A065-4462-88D3-C5476B766DD8} = {827E0CD3-B72D-47B6-A68D-7590B98EB39B}
		{4259BCE6-AF53-43D7-96A1-AA9EFDD81E64} = {827E0CD3-B72D-47B6-A68D-7590B98EB39B}
		{68DF33CB-14B3-4C3F-ABD8-6ECC0AA8A3D9} = {827E0CD3-B72D-47B6-A68D-7590B98EB39B}
		{24CB9339-C1F2-48C8-B392-03C5BD574F34} = {0AB3BF05-4346-4AA6-1389-037BE0695223}
		{34726BB2-7E8E-46F9-A43D-E54B90CB88A0} = {0AB3BF05-4346-4AA6-1389-037BE0695223}
		{42735386-68E7-4C64-941B-0D084CE9A4E7} = {827E0CD3-B72D-47B6-A68D-7590B98EB39B}
		{41503606-6FE5-4E92-B407-6F237F4B568E} = {827E0CD3-B72D-47B6-A68D-7590B98EB39B}
		{B87EC44B-3999-4FE3-AEB1-758C78820BB9} = {0AB3BF05-4346-4AA6-1389-037BE0695223}
		{CC917D38-22C6-4542-A34F-DB922F0F0179} = {827E0CD3-B72D-47B6-A68D-7590B98EB39B}
		{202945FE-4AD8-4F4D-93DB-BDD7D98E3EE6} = {0AB3BF05-4346-4AA6-1389-037BE0695223}
		{92B45C79-8199-4FA4-8A65-5E39752A5C4D} = {827E0CD3-B72D-47B6-A68D-7590B98EB39B}
		{9CCD2164-2FFD-4AFD-9799-57627F1715E1} = {827E0CD3-B72D-47B6-A68D-7590B98EB39B}
	EndGlobalSection
EndGlobal
